
Microsoft Visual Studio Solution File, Format Version 12.00
# Visual Studio Version 17
VisualStudioVersion = 17.13.35931.197 d17.13
MinimumVisualStudioVersion = 10.0.40219.1
Project("{FAE04EC0-301F-11D3-BF4B-00C04F79EFBC}") = "EnrollmentSytem", "EnrollmentSytem\EnrollmentSytem.csproj", "{89687BD9-B0FA-462D-ADFD-266EFEAA43AD}"
EndProject
Global
	GlobalSection(SolutionConfigurationPlatforms) = preSolution
		Debug|Any CPU = Debug|Any CPU
		Release|Any CPU = Release|Any CPU
	EndGlobalSection
	GlobalSection(ProjectConfigurationPlatforms) = postSolution
		{89687BD9-B0FA-462D-ADFD-266EFEAA43AD}.Debug|Any CPU.ActiveCfg = Debug|Any CPU
		{89687BD9-B0FA-462D-ADFD-266EFEAA43AD}.Debug|Any CPU.Build.0 = Debug|Any CPU
		{89687BD9-B0FA-462D-ADFD-266EFEAA43AD}.Release|Any CPU.ActiveCfg = Release|Any CPU
		{89687BD9-B0FA-462D-ADFD-266EFEAA43AD}.Release|Any CPU.Build.0 = Release|Any CPU
	EndGlobalSection
	GlobalSection(SolutionProperties) = preSolution
		HideSolutionNode = FALSE
	EndGlobalSection
	GlobalSection(ExtensibilityGlobals) = postSolution
		SolutionGuid = {74C436C0-816C-43C7-90BD-F86C2E8EA9E1}
	EndGlobalSection
EndGlobal
